{
	"name": "@package_demo_cli/core",
	"version": "1.0.5",
	"lockfileVersion": 1,
	"requires": true,
	"dependencies": {
		"@package_demo_cli/utils": {
			"version": "1.0.5",
			"resolved": "https://registry.npmjs.org/@package_demo_cli/utils/-/utils-1.0.5.tgz",
			"integrity": "sha512-ZNHRCqWfsZRAMayBUaBU7PwB933bRrh/NzpAXrYMRqKVTgoSL4mqGzRFTedwnUK4JZWy6UtIjfz0qw/WbMWiJg=="
		}
	}
}
