{
	"name": "@package_demo_cli/utils",
	"version": "1.0.2",
	"lockfileVersion": 1,
	"requires": true,
	"dependencies": {
		"imooc-cli": {
			"version": "3.0.0",
			"resolved": "https://registry.npmjs.org/imooc-cli/-/imooc-cli-3.0.0.tgz",
			"integrity": "sha512-aL1nQ8uSOJZBSyUGVUiXu9hokI8HHoJTmK3HY3gAHPJphC1RuREVGlbd97m31YVbhu9c5oOYfbg7WVE8lgNSPw=="
		}
	}
}
